// !$*UTF8*$!
{
	archiveVersion = 1;
	classes = {
	};
	objectVersion = 46;
	objects = {

/* Begin PBXBuildFile section */
		3FB9D7691B7A154C00BD9FCA /* main.m in Sources */ = {isa = PBXBuildFile; fileRef = 3FB9D7681B7A154C00BD9FCA /* main.m */; };
		3FB9D76C1B7A154C00BD9FCA /* AppDelegate.m in Sources */ = {isa = PBXBuildFile; fileRef = 3FB9D76B1B7A154C00BD9FCA /* AppDelegate.m */; };
		3FB9D76F1B7A154C00BD9FCA /* ViewController.m in Sources */ = {isa = PBXBuildFile; fileRef = 3FB9D76E1B7A154C00BD9FCA /* ViewController.m */; };
		3FB9D7721B7A154C00BD9FCA /* Main.storyboard in Resources */ = {isa = PBXBuildFile; fileRef = 3FB9D7701B7A154C00BD9FCA /* Main.storyboard */; };
		3FB9D7741B7A154C00BD9FCA /* Images.xcassets in Resources */ = {isa = PBXBuildFile; fileRef = 3FB9D7731B7A154C00BD9FCA /* Images.xcassets */; };
		3FB9D7771B7A154C00BD9FCA /* LaunchScreen.xib in Resources */ = {isa = PBXBuildFile; fileRef = 3FB9D7751B7A154C00BD9FCA /* LaunchScreen.xib */; };
		3FB9D7831B7A154C00BD9FCA /* XMMultiSelectTests.m in Sources */ = {isa = PBXBuildFile; fileRef = 3FB9D7821B7A154C00BD9FCA /* XMMultiSelectTests.m */; };
		3FB9D7921B7A160500BD9FCA /* XMMultiSelectView.m in Sources */ = {isa = PBXBuildFile; fileRef = 3FB9D7911B7A160500BD9FCA /* XMMultiSelectView.m */; };
		3FB9D7961B7A174400BD9FCA /* check.png in Resources */ = {isa = PBXBuildFile; fileRef = 3FB9D7951B7A174400BD9FCA /* check.png */; };
/* End PBXBuildFile section */

/* Begin PBXContainerItemProxy section */
		3FB9D77D1B7A154C00BD9FCA /* PBXContainerItemProxy */ = {
			isa = PBXContainerItemProxy;
			containerPortal = 3FB9D75B1B7A154C00BD9FCA /* Project object */;
			proxyType = 1;
			remoteGlobalIDString = 3FB9D7621B7A154C00BD9FCA;
			remoteInfo = XMMultiSelect;
		};
/* End PBXContainerItemProxy section */

/* Begin PBXFileReference section */
		3FB9D7631B7A154C00BD9FCA /* XMMultiSelect.app */ = {isa = PBXFileReference; explicitFileType = wrapper.application; includeInIndex = 0; path = XMMultiSelect.app; sourceTree = BUILT_PRODUCTS_DIR; };
		3FB9D7671B7A154C00BD9FCA /* Info.plist */ = {isa = PBXFileReference; lastKnownFileType = text.plist.xml; path = Info.plist; sourceTree = "<group>"; };
		3FB9D7681B7A154C00BD9FCA /* main.m */ = {isa = PBXFileReference; lastKnownFileType = sourcecode.c.objc; path = main.m; sourceTree = "<group>"; };
		3FB9D76A1B7A154C00BD9FCA /* AppDelegate.h */ = {isa = PBXFileReference; lastKnownFileType = sourcecode.c.h; path = AppDelegate.h; sourceTree = "<group>"; };
		3FB9D76B1B7A154C00BD9FCA /* AppDelegate.m */ = {isa = PBXFileReference; lastKnownFileType = sourcecode.c.objc; path = AppDelegate.m; sourceTree = "<group>"; };
		3FB9D76D1B7A154C00BD9FCA /* ViewController.h */ = {isa = PBXFileReference; lastKnownFileType = sourcecode.c.h; path = ViewController.h; sourceTree = "<group>"; };
		3FB9D76E1B7A154C00BD9FCA /* ViewController.m */ = {isa = PBXFileReference; lastKnownFileType = sourcecode.c.objc; path = ViewController.m; sourceTree = "<group>"; };
		3FB9D7711B7A154C00BD9FCA /* Base */ = {isa = PBXFileReference; lastKnownFileType = file.storyboard; name = Base; path = Base.lproj/Main.storyboard; sourceTree = "<group>"; };
		3FB9D7731B7A154C00BD9FCA /* Images.xcassets */ = {isa = PBXFileReference; lastKnownFileType = folder.assetcatalog; path = Images.xcassets; sourceTree = "<group>"; };
		3FB9D7761B7A154C00BD9FCA /* Base */ = {isa = PBXFileReference; lastKnownFileType = file.xib; name = Base; path = Base.lproj/LaunchScreen.xib; sourceTree = "<group>"; };
		3FB9D77C1B7A154C00BD9FCA /* XMMultiSelectTests.xctest */ = {isa = PBXFileReference; explicitFileType = wrapper.cfbundle; includeInIndex = 0; path = XMMultiSelectTests.xctest; sourceTree = BUILT_PRODUCTS_DIR; };
		3FB9D7811B7A154C00BD9FCA /* Info.plist */ = {isa = PBXFileReference; lastKnownFileType = text.plist.xml; path = Info.plist; sourceTree = "<group>"; };
		3FB9D7821B7A154C00BD9FCA /* XMMultiSelectTests.m */ = {isa = PBXFileReference; lastKnownFileType = sourcecode.c.objc; path = XMMultiSelectTests.m; sourceTree = "<group>"; };
		3FB9D7901B7A160500BD9FCA /* XMMultiSelectView.h */ = {isa = PBXFileReference; fileEncoding = 4; lastKnownFileType = sourcecode.c.h; name = XMMultiSelectView.h; path = XMMultiSelectView/XMMultiSelectView.h; sourceTree = "<group>"; };
		3FB9D7911B7A160500BD9FCA /* XMMultiSelectView.m */ = {isa = PBXFileReference; fileEncoding = 4; lastKnownFileType = sourcecode.c.objc; name = XMMultiSelectView.m; path = XMMultiSelectView/XMMultiSelectView.m; sourceTree = "<group>"; };
		3FB9D7951B7A174400BD9FCA /* check.png */ = {isa = PBXFileReference; lastKnownFileType = image.png; path = check.png; sourceTree = "<group>"; };
/* End PBXFileReference section */

/* Begin PBXFrameworksBuildPhase section */
		3FB9D7601B7A154C00BD9FCA /* Frameworks */ = {
			isa = PBXFrameworksBuildPhase;
			buildActionMask = 2147483647;
			files = (
			);
			runOnlyForDeploymentPostprocessing = 0;
		};
		3FB9D7791B7A154C00BD9FCA /* Frameworks */ = {
			isa = PBXFrameworksBuildPhase;
			buildActionMask = 2147483647;
			files = (
			);
			runOnlyForDeploymentPostprocessing = 0;
		};
/* End PBXFrameworksBuildPhase section */

/* Begin PBXGroup section */
		3FB9D75A1B7A154C00BD9FCA = {
			isa = PBXGroup;
			children = (
				3FB9D7651B7A154C00BD9FCA /* XMMultiSelect */,
				3FB9D77F1B7A154C00BD9FCA /* XMMultiSelectTests */,
				3FB9D7641B7A154C00BD9FCA /* Products */,
			);
			sourceTree = "<group>";
		};
		3FB9D7641B7A154C00BD9FCA /* Products */ = {
			isa = PBXGroup;
			children = (
				3FB9D7631B7A154C00BD9FCA /* XMMultiSelect.app */,
				3FB9D77C1B7A154C00BD9FCA /* XMMultiSelectTests.xctest */,
			);
			name = Products;
			sourceTree = "<group>";
		};
		3FB9D7651B7A154C00BD9FCA /* XMMultiSelect */ = {
			isa = PBXGroup;
			children = (
				3FB9D78C1B7A159300BD9FCA /* XMMultiSelectView */,
				3FB9D76A1B7A154C00BD9FCA /* AppDelegate.h */,
				3FB9D76B1B7A154C00BD9FCA /* AppDelegate.m */,
				3FB9D76D1B7A154C00BD9FCA /* ViewController.h */,
				3FB9D76E1B7A154C00BD9FCA /* ViewController.m */,
				3FB9D7701B7A154C00BD9FCA /* Main.storyboard */,
				3FB9D7731B7A154C00BD9FCA /* Images.xcassets */,
				3FB9D7751B7A154C00BD9FCA /* LaunchScreen.xib */,
				3FB9D7661B7A154C00BD9FCA /* Supporting Files */,
			);
			path = XMMultiSelect;
			sourceTree = "<group>";
		};
		3FB9D7661B7A154C00BD9FCA /* Supporting Files */ = {
			isa = PBXGroup;
			children = (
				3FB9D7671B7A154C00BD9FCA /* Info.plist */,
				3FB9D7681B7A154C00BD9FCA /* main.m */,
			);
			name = "Supporting Files";
			sourceTree = "<group>";
		};
		3FB9D77F1B7A154C00BD9FCA /* XMMultiSelectTests */ = {
			isa = PBXGroup;
			children = (
				3FB9D7821B7A154C00BD9FCA /* XMMultiSelectTests.m */,
				3FB9D7801B7A154C00BD9FCA /* Supporting Files */,
			);
			path = XMMultiSelectTests;
			sourceTree = "<group>";
		};
		3FB9D7801B7A154C00BD9FCA /* Supporting Files */ = {
			isa = PBXGroup;
			children = (
				3FB9D7811B7A154C00BD9FCA /* Info.plist */,
			);
			name = "Supporting Files";
			sourceTree = "<group>";
		};
		3FB9D78C1B7A159300BD9FCA /* XMMultiSelectView */ = {
			isa = PBXGroup;
			children = (
				3FB9D7951B7A174400BD9FCA /* check.png */,
				3FB9D7901B7A160500BD9FCA /* XMMultiSelectView.h */,
				3FB9D7911B7A160500BD9FCA /* XMMultiSelectView.m */,
			);
			name = XMMultiSelectView;
			sourceTree = "<group>";
		};
/* End PBXGroup section */

/* Begin PBXNativeTarget section */
		3FB9D7621B7A154C00BD9FCA /* XMMultiSelect */ = {
			isa = PBXNativeTarget;
			buildConfigurationList = 3FB9D7861B7A154C00BD9FCA /* Build configuration list for PBXNativeTarget "XMMultiSelect" */;
			buildPhases = (
				3FB9D75F1B7A154C00BD9FCA /* Sources */,
				3FB9D7601B7A154C00BD9FCA /* Frameworks */,
				3FB9D7611B7A154C00BD9FCA /* Resources */,
			);
			buildRules = (
			);
			dependencies = (
			);
			name = XMMultiSelect;
			productName = XMMultiSelect;
			productReference = 3FB9D7631B7A154C00BD9FCA /* XMMultiSelect.app */;
			productType = "com.apple.product-type.application";
		};
		3FB9D77B1B7A154C00BD9FCA /* XMMultiSelectTests */ = {
			isa = PBXNativeTarget;
			buildConfigurationList = 3FB9D7891B7A154C00BD9FCA /* Build configuration list for PBXNativeTarget "XMMultiSelectTests" */;
			buildPhases = (
				3FB9D7781B7A154C00BD9FCA /* Sources */,
				3FB9D7791B7A154C00BD9FCA /* Frameworks */,
				3FB9D77A1B7A154C00BD9FCA /* Resources */,
			);
			buildRules = (
			);
			dependencies = (
				3FB9D77E1B7A154C00BD9FCA /* PBXTargetDependency */,
			);
			name = XMMultiSelectTests;
			productName = XMMultiSelectTests;
			productReference = 3FB9D77C1B7A154C00BD9FCA /* XMMultiSelectTests.xctest */;
			productType = "com.apple.product-type.bundle.unit-test";
		};
/* End PBXNativeTarget section */

/* Begin PBXProject section */
		3FB9D75B1B7A154C00BD9FCA /* Project object */ = {
			isa = PBXProject;
			attributes = {
				LastUpgradeCheck = 0640;
				ORGANIZATIONNAME = GodPlace;
				TargetAttributes = {
					3FB9D7621B7A154C00BD9FCA = {
						CreatedOnToolsVersion = 6.4;
					};
					3FB9D77B1B7A154C00BD9FCA = {
						CreatedOnToolsVersion = 6.4;
						TestTargetID = 3FB9D7621B7A154C00BD9FCA;
					};
				};
			};
			buildConfigurationList = 3FB9D75E1B7A154C00BD9FCA /* Build configuration list for PBXProject "XMMultiSelect" */;
			compatibilityVersion = "Xcode 3.2";
			developmentRegion = English;
			hasScannedForEncodings = 0;
			knownRegions = (
				en,
				Base,
			);
			mainGroup = 3FB9D75A1B7A154C00BD9FCA;
			productRefGroup = 3FB9D7641B7A154C00BD9FCA /* Products */;
			projectDirPath = "";
			projectRoot = "";
			targets = (
				3FB9D7621B7A154C00BD9FCA /* XMMultiSelect */,
				3FB9D77B1B7A154C00BD9FCA /* XMMultiSelectTests */,
			);
		};
/* End PBXProject section */

/* Begin PBXResourcesBuildPhase section */
		3FB9D7611B7A154C00BD9FCA /* Resources */ = {
			isa = PBXResourcesBuildPhase;
			buildActionMask = 2147483647;
			files = (
				3FB9D7721B7A154C00BD9FCA /* Main.storyboard in Resources */,
				3FB9D7771B7A154C00BD9FCA /* LaunchScreen.xib in Resources */,
				3FB9D7961B7A174400BD9FCA /* check.png in Resources */,
				3FB9D7741B7A154C00BD9FCA /* Images.xcassets in Resources */,
			);
			runOnlyForDeploymentPostprocessing = 0;
		};
		3FB9D77A1B7A154C00BD9FCA /* Resources */ = {
			isa = PBXResourcesBuildPhase;
			buildActionMask = 2147483647;
			files = (
			);
			runOnlyForDeploymentPostprocessing = 0;
		};
/* End PBXResourcesBuildPhase section */

/* Begin PBXSourcesBuildPhase section */
		3FB9D75F1B7A154C00BD9FCA /* Sources */ = {
			isa = PBXSourcesBuildPhase;
			buildActionMask = 2147483647;
			files = (
				3FB9D76F1B7A154C00BD9FCA /* ViewController.m in Sources */,
				3FB9D7921B7A160500BD9FCA /* XMMultiSelectView.m in Sources */,
				3FB9D76C1B7A154C00BD9FCA /* AppDelegate.m in Sources */,
				3FB9D7691B7A154C00BD9FCA /* main.m in Sources */,
			);
			runOnlyForDeploymentPostprocessing = 0;
		};
		3FB9D7781B7A154C00BD9FCA /* Sources */ = {
			isa = PBXSourcesBuildPhase;
			buildActionMask = 2147483647;
			files = (
				3FB9D7831B7A154C00BD9FCA /* XMMultiSelectTests.m in Sources */,
			);
			runOnlyForDeploymentPostprocessing = 0;
		};
/* End PBXSourcesBuildPhase section */

/* Begin PBXTargetDependency section */
		3FB9D77E1B7A154C00BD9FCA /* PBXTargetDependency */ = {
			isa = PBXTargetDependency;
			target = 3FB9D7621B7A154C00BD9FCA /* XMMultiSelect */;
			targetProxy = 3FB9D77D1B7A154C00BD9FCA /* PBXContainerItemProxy */;
		};
/* End PBXTargetDependency section */

/* Begin PBXVariantGroup section */
		3FB9D7701B7A154C00BD9FCA /* Main.storyboard */ = {
			isa = PBXVariantGroup;
			children = (
				3FB9D7711B7A154C00BD9FCA /* Base */,
			);
			name = Main.storyboard;
			sourceTree = "<group>";
		};
		3FB9D7751B7A154C00BD9FCA /* LaunchScreen.xib */ = {
			isa = PBXVariantGroup;
			children = (
				3FB9D7761B7A154C00BD9FCA /* Base */,
			);
			name = LaunchScreen.xib;
			sourceTree = "<group>";
		};
/* End PBXVariantGroup section */

/* Begin XCBuildConfiguration section */
		3FB9D7841B7A154C00BD9FCA /* Debug */ = {
			isa = XCBuildConfiguration;
			buildSettings = {
				ALWAYS_SEARCH_USER_PATHS = NO;
				CLANG_CXX_LANGUAGE_STANDARD = "gnu++0x";
				CLANG_CXX_LIBRARY = "libc++";
				CLANG_ENABLE_MODULES = YES;
				CLANG_ENABLE_OBJC_ARC = YES;
				CLANG_WARN_BOOL_CONVERSION = YES;
				CLANG_WARN_CONSTANT_CONVERSION = YES;
				CLANG_WARN_DIRECT_OBJC_ISA_USAGE = YES_ERROR;
				CLANG_WARN_EMPTY_BODY = YES;
				CLANG_WARN_ENUM_CONVERSION = YES;
				CLANG_WARN_INT_CONVERSION = YES;
				CLANG_WARN_OBJC_ROOT_CLASS = YES_ERROR;
				CLANG_WARN_UNREACHABLE_CODE = YES;
				CLANG_WARN__DUPLICATE_METHOD_MATCH = YES;
				"CODE_SIGN_IDENTITY[sdk=iphoneos*]" = "iPhone Developer";
				COPY_PHASE_STRIP = NO;
				DEBUG_INFORMATION_FORMAT = "dwarf-with-dsym";
				ENABLE_STRICT_OBJC_MSGSEND = YES;
				GCC_C_LANGUAGE_STANDARD = gnu99;
				GCC_DYNAMIC_NO_PIC = NO;
				GCC_NO_COMMON_BLOCKS = YES;
				GCC_OPTIMIZATION_LEVEL = 0;
				GCC_PREPROCESSOR_DEFINITIONS = (
					"DEBUG=1",
					"$(inherited)",
				);
				GCC_SYMBOLS_PRIVATE_EXTERN = NO;
				GCC_WARN_64_TO_32_BIT_CONVERSION = YES;
				GCC_WARN_ABOUT_RETURN_TYPE = YES_ERROR;
				GCC_WARN_UNDECLARED_SELECTOR = YES;
				GCC_WARN_UNINITIALIZED_AUTOS = YES_AGGRESSIVE;
				GCC_WARN_UNUSED_FUNCTION = YES;
				GCC_WARN_UNUSED_VARIABLE = YES;
				IPHONEOS_DEPLOYMENT_TARGET = 8.4;
				MTL_ENABLE_DEBUG_INFO = YES;
				ONLY_ACTIVE_ARCH = YES;
				SDKROOT = iphoneos;
			};
			name = Debug;
		};
		3FB9D7851B7A154C00BD9FCA /* Release */ = {
			isa = XCBuildConfiguration;
			buildSettings = {
				ALWAYS_SEARCH_USER_PATHS = NO;
				CLANG_CXX_LANGUAGE_STANDARD = "gnu++0x";
				CLANG_CXX_LIBRARY = "libc++";
				CLANG_ENABLE_MODULES = YES;
				CLANG_ENABLE_OBJC_ARC = YES;
				CLANG_WARN_BOOL_CONVERSION = YES;
				CLANG_WARN_CONSTANT_CONVERSION = YES;
				CLANG_WARN_DIRECT_OBJC_ISA_USAGE = YES_ERROR;
				CLANG_WARN_EMPTY_BODY = YES;
				CLANG_WARN_ENUM_CONVERSION = YES;
				CLANG_WARN_INT_CONVERSION = YES;
				CLANG_WARN_OBJC_ROOT_CLASS = YES_ERROR;
				CLANG_WARN_UNREACHABLE_CODE = YES;
				CLANG_WARN__DUPLICATE_METHOD_MATCH = YES;
				"CODE_SIGN_IDENTITY[sdk=iphoneos*]" = "iPhone Developer";
				COPY_PHASE_STRIP = NO;
				DEBUG_INFORMATION_FORMAT = "dwarf-with-dsym";
				ENABLE_NS_ASSERTIONS = NO;
				ENABLE_STRICT_OBJC_MSGSEND = YES;
				GCC_C_LANGUAGE_STANDARD = gnu99;
				GCC_NO_COMMON_BLOCKS = YES;
				GCC_WARN_64_TO_32_BIT_CONVERSION = YES;
				GCC_WARN_ABOUT_RETURN_TYPE = YES_ERROR;
				GCC_WARN_UNDECLARED_SELECTOR = YES;
				GCC_WARN_UNINITIALIZED_AUTOS = YES_AGGRESSIVE;
				GCC_WARN_UNUSED_FUNCTION = YES;
				GCC_WARN_UNUSED_VARIABLE = YES;
				IPHONEOS_DEPLOYMENT_TARGET = 8.4;
				MTL_ENABLE_DEBUG_INFO = NO;
				SDKROOT = iphoneos;
				VALIDATE_PRODUCT = YES;
			};
			name = Release;
		};
		3FB9D7871B7A154C00BD9FCA /* Debug */ = {
			isa = XCBuildConfiguration;
			buildSettings = {
				ASSETCATALOG_COMPILER_APPICON_NAME = AppIcon;
				INFOPLIST_FILE = XMMultiSelect/Info.plist;
				LD_RUNPATH_SEARCH_PATHS = "$(inherited) @executable_path/Frameworks";
				PRODUCT_NAME = "$(TARGET_NAME)";
			};
			name = Debug;
		};
		3FB9D7881B7A154C00BD9FCA /* Release */ = {
			isa = XCBuildConfiguration;
			buildSettings = {
				ASSETCATALOG_COMPILER_APPICON_NAME = AppIcon;
				INFOPLIST_FILE = XMMultiSelect/Info.plist;
				LD_RUNPATH_SEARCH_PATHS = "$(inherited) @executable_path/Frameworks";
				PRODUCT_NAME = "$(TARGET_NAME)";
			};
			name = Release;
		};
		3FB9D78A1B7A154C00BD9FCA /* Debug */ = {
			isa = XCBuildConfiguration;
			buildSettings = {
				BUNDLE_LOADER = "$(TEST_HOST)";
				FRAMEWORK_SEARCH_PATHS = (
					"$(SDKROOT)/Developer/Library/Frameworks",
					"$(inherited)",
				);
				GCC_PREPROCESSOR_DEFINITIONS = (
					"DEBUG=1",
					"$(inherited)",
				);
				INFOPLIST_FILE = XMMultiSelectTests/Info.plist;
				LD_RUNPATH_SEARCH_PATHS = "$(inherited) @executable_path/Frameworks @loader_path/Frameworks";
				PRODUCT_NAME = "$(TARGET_NAME)";
				TEST_HOST = "$(BUILT_PRODUCTS_DIR)/XMMultiSelect.app/XMMultiSelect";
			};
			name = Debug;
		};
		3FB9D78B1B7A154C00BD9FCA /* Release */ = {
			isa = XCBuildConfiguration;
			buildSettings = {
				BUNDLE_LOADER = "$(TEST_HOST)";
				FRAMEWORK_SEARCH_PATHS = (
					"$(SDKROOT)/Developer/Library/Frameworks",
					"$(inherited)",
				);
				INFOPLIST_FILE = XMMultiSelectTests/Info.plist;
				LD_RUNPATH_SEARCH_PATHS = "$(inherited) @executable_path/Frameworks @loader_path/Frameworks";
				PRODUCT_NAME = "$(TARGET_NAME)";
				TEST_HOST = "$(BUILT_PRODUCTS_DIR)/XMMultiSelect.app/XMMultiSelect";
			};
			name = Release;
		};
/* End XCBuildConfiguration section */

/* Begin XCConfigurationList section */
		3FB9D75E1B7A154C00BD9FCA /* Build configuration list for PBXProject "XMMultiSelect" */ = {
			isa = XCConfigurationList;
			buildConfigurations = (
				3FB9D7841B7A154C00BD9FCA /* Debug */,
				3FB9D7851B7A154C00BD9FCA /* Release */,
			);
			defaultConfigurationIsVisible = 0;
			defaultConfigurationName = Release;
		};
		3FB9D7861B7A154C00BD9FCA /* Build configuration list for PBXNativeTarget "XMMultiSelect" */ = {
			isa = XCConfigurationList;
			buildConfigurations = (
				3FB9D7871B7A154C00BD9FCA /* Debug */,
				3FB9D7881B7A154C00BD9FCA /* Release */,
			);
			defaultConfigurationIsVisible = 0;
		};
		3FB9D7891B7A154C00BD9FCA /* Build configuration list for PBXNativeTarget "XMMultiSelectTests" */ = {
			isa = XCConfigurationList;
			buildConfigurations = (
				3FB9D78A1B7A154C00BD9FCA /* Debug */,
				3FB9D78B1B7A154C00BD9FCA /* Release */,
			);
			defaultConfigurationIsVisible = 0;
		};
/* End XCConfigurationList section */
	};
	rootObject = 3FB9D75B1B7A154C00BD9FCA /* Project object */;
}
